
Microsoft Visual Studio Solution File, Format Version 12.00
# Visual Studio 15
VisualStudioVersion = 15.0.28010.2003
MinimumVisualStudioVersion = 10.0.40219.1
Project("{8BC9CEB8-8B4A-11D0-8D11-00A0C91BC942}") = "GDE", "GDE.vcxproj", "{4BAA0724-100F-4676-A1ED-40A24DA30125}"
EndProject
Global
	GlobalSection(SolutionConfigurationPlatforms) = preSolution
		Debug|x64 = Debug|x64
		Debug|x86 = Debug|x86
		Release|x64 = Release|x64
		Release|x86 = Release|x86
	EndGlobalSection
	GlobalSection(ProjectConfigurationPlatforms) = postSolution
		{4BAA0724-100F-4676-A1ED-40A24DA30125}.Debug|x64.ActiveCfg = Debug|x64
		{4BAA0724-100F-4676-A1ED-40A24DA30125}.Debug|x64.Build.0 = Debug|x64
		{4BAA0724-100F-4676-A1ED-40A24DA30125}.Debug|x86.ActiveCfg = Debug|Win32
		{4BAA0724-100F-4676-A1ED-40A24DA30125}.Debug|x86.Build.0 = Debug|Win32
		{4BAA0724-100F-4676-A1ED-40A24DA30125}.Release|x64.ActiveCfg = Release|x64
		{4BAA0724-100F-4676-A1ED-40A24DA30125}.Release|x64.Build.0 = Release|x64
		{4BAA0724-100F-4676-A1ED-40A24DA30125}.Release|x86.ActiveCfg = Release|Win32
		{4BAA0724-100F-4676-A1ED-40A24DA30125}.Release|x86.Build.0 = Release|Win32
	EndGlobalSection
	GlobalSection(SolutionProperties) = preSolution
		HideSolutionNode = FALSE
	EndGlobalSection
	GlobalSection(ExtensibilityGlobals) = postSolution
		SolutionGuid = {0A4D6CED-7B98-482A-AFAB-9BB5E5C7391F}
	EndGlobalSection
EndGlobal
